
Microsoft Visual Studio Solution File, Format Version 12.00
# Visual Studio 15
VisualStudioVersion = 15.0.28010.2003
MinimumVisualStudioVersion = 10.0.40219.1
Project("{FAE04EC0-301F-11D3-BF4B-00C04F79EFBC}") = "MovieApp", "MovieApp\MovieApp.csproj", "{1D0501B2-B7FE-4A9D-9327-A2CFFB54D46A}"
EndProject
Project("{FAE04EC0-301F-11D3-BF4B-00C04F79EFBC}") = "DAL", "DAL\DAL.csproj", "{50D33ED5-F484-47D8-BA63-60335FB37336}"
EndProject
Project("{FAE04EC0-301F-11D3-BF4B-00C04F79EFBC}") = "BLL", "BLL\BLL.csproj", "{73F9836F-5CFB-4FD6-976B-C2F9E043D5A9}"
EndProject
Project("{FAE04EC0-301F-11D3-BF4B-00C04F79EFBC}") = "Model", "Model\Model.csproj", "{53CCD34D-EE2A-4253-82F1-32771319EEE5}"
EndProject
Project("{FAE04EC0-301F-11D3-BF4B-00C04F79EFBC}") = "UnitTest", "UnitTest\UnitTest.csproj", "{487E14DA-CB81-4AD7-9FC3-1D7E005AC6D6}"
EndProject
Global
	GlobalSection(SolutionConfigurationPlatforms) = preSolution
		Debug|Any CPU = Debug|Any CPU
		Release|Any CPU = Release|Any CPU
	EndGlobalSection
	GlobalSection(ProjectConfigurationPlatforms) = postSolution
		{1D0501B2-B7FE-4A9D-9327-A2CFFB54D46A}.Debug|Any CPU.ActiveCfg = Debug|Any CPU
		{1D0501B2-B7FE-4A9D-9327-A2CFFB54D46A}.Debug|Any CPU.Build.0 = Debug|Any CPU
		{1D0501B2-B7FE-4A9D-9327-A2CFFB54D46A}.Release|Any CPU.ActiveCfg = Release|Any CPU
		{1D0501B2-B7FE-4A9D-9327-A2CFFB54D46A}.Release|Any CPU.Build.0 = Release|Any CPU
		{50D33ED5-F484-47D8-BA63-60335FB37336}.Debug|Any CPU.ActiveCfg = Debug|Any CPU
		{50D33ED5-F484-47D8-BA63-60335FB37336}.Debug|Any CPU.Build.0 = Debug|Any CPU
		{50D33ED5-F484-47D8-BA63-60335FB37336}.Release|Any CPU.ActiveCfg = Release|Any CPU
		{50D33ED5-F484-47D8-BA63-60335FB37336}.Release|Any CPU.Build.0 = Release|Any CPU
		{73F9836F-5CFB-4FD6-976B-C2F9E043D5A9}.Debug|Any CPU.ActiveCfg = Debug|Any CPU
		{73F9836F-5CFB-4FD6-976B-C2F9E043D5A9}.Debug|Any CPU.Build.0 = Debug|Any CPU
		{73F9836F-5CFB-4FD6-976B-C2F9E043D5A9}.Release|Any CPU.ActiveCfg = Release|Any CPU
		{73F9836F-5CFB-4FD6-976B-C2F9E043D5A9}.Release|Any CPU.Build.0 = Release|Any CPU
		{53CCD34D-EE2A-4253-82F1-32771319EEE5}.Debug|Any CPU.ActiveCfg = Debug|Any CPU
		{53CCD34D-EE2A-4253-82F1-32771319EEE5}.Debug|Any CPU.Build.0 = Debug|Any CPU
		{53CCD34D-EE2A-4253-82F1-32771319EEE5}.Release|Any CPU.ActiveCfg = Release|Any CPU
		{53CCD34D-EE2A-4253-82F1-32771319EEE5}.Release|Any CPU.Build.0 = Release|Any CPU
		{487E14DA-CB81-4AD7-9FC3-1D7E005AC6D6}.Debug|Any CPU.ActiveCfg = Debug|Any CPU
		{487E14DA-CB81-4AD7-9FC3-1D7E005AC6D6}.Debug|Any CPU.Build.0 = Debug|Any CPU
		{487E14DA-CB81-4AD7-9FC3-1D7E005AC6D6}.Release|Any CPU.ActiveCfg = Release|Any CPU
		{487E14DA-CB81-4AD7-9FC3-1D7E005AC6D6}.Release|Any CPU.Build.0 = Release|Any CPU
	EndGlobalSection
	GlobalSection(SolutionProperties) = preSolution
		HideSolutionNode = FALSE
	EndGlobalSection
	GlobalSection(ExtensibilityGlobals) = postSolution
		SolutionGuid = {F12748B2-10D8-4E35-876A-F6947EB2B26C}
	EndGlobalSection
EndGlobal
